
Microsoft Visual Studio Solution File, Format Version 12.00
# Visual Studio Version 16
VisualStudioVersion = 16.0.31613.86
MinimumVisualStudioVersion = 10.0.40219.1
Project("{FAE04EC0-301F-11D3-BF4B-00C04F79EFBC}") = "Laboratorio_1_MVC", "Laboratorio_1_MVC\Laboratorio_1_MVC.csproj", "{62287E78-A919-49D9-9AC8-101E3BB24CE1}"
EndProject
Global
	GlobalSection(SolutionConfigurationPlatforms) = preSolution
		Debug|Any CPU = Debug|Any CPU
		Release|Any CPU = Release|Any CPU
	EndGlobalSection
	GlobalSection(ProjectConfigurationPlatforms) = postSolution
		{62287E78-A919-49D9-9AC8-101E3BB24CE1}.Debug|Any CPU.ActiveCfg = Debug|Any CPU
		{62287E78-A919-49D9-9AC8-101E3BB24CE1}.Debug|Any CPU.Build.0 = Debug|Any CPU
		{62287E78-A919-49D9-9AC8-101E3BB24CE1}.Release|Any CPU.ActiveCfg = Release|Any CPU
		{62287E78-A919-49D9-9AC8-101E3BB24CE1}.Release|Any CPU.Build.0 = Release|Any CPU
	EndGlobalSection
	GlobalSection(SolutionProperties) = preSolution
		HideSolutionNode = FALSE
	EndGlobalSection
	GlobalSection(ExtensibilityGlobals) = postSolution
		SolutionGuid = {5EDCF96E-0534-47FF-8315-6722810BB625}
	EndGlobalSection
EndGlobal
